# This file is generated by running "yarn install" inside your project.
# Manual changes might be lost - proceed with caution!

__metadata:
  version: 9
  cacheKey: 10c0

"@novr/bitrise-api@npm:^0.2.0":
  version: 0.2.2
  resolution: "@novr/bitrise-api@npm:0.2.2"
  checksum: 10c0/40c7fd20e019df190d8a908eb8cc9e6fd0431ded11f37fadd582796ac3ccfaaac01a8c99638d704ea5cdcedf966e37eb8d156ad09fa6665481f797981079416f
  languageName: node
  linkType: hard

"@types/cli-progress@npm:^3.8.0":
  version: 3.11.6
  resolution: "@types/cli-progress@npm:3.11.6"
  dependencies:
    "@types/node": "npm:*"
  checksum: 10c0/d9a2d60b8fc6ccef73368fa20a23d5b16506808a81ec65f7e8eedf58d236ebaf2ab46578936c000c8e39dde825cb48a3cf9195c8b410177efd5388bcf9d07370
  languageName: node
  linkType: hard

"@types/cli-spinner@npm:^0.2.0":
  version: 0.2.3
  resolution: "@types/cli-spinner@npm:0.2.3"
  dependencies:
    "@types/node": "npm:*"
  checksum: 10c0/ef27ff638df6064eca1a5180478ce459660c0c95e2bead2826d19c301a4524d7ac3ab1ca3dc15ae27a8024c0b3eb15e3f78a7abfcbb46705cf55ac81f7239ce8
  languageName: node
  linkType: hard

"@types/glob@npm:^8.0.0":
  version: 8.1.0
  resolution: "@types/glob@npm:8.1.0"
  dependencies:
    "@types/minimatch": "npm:^5.1.2"
    "@types/node": "npm:*"
  checksum: 10c0/ded07aa0d7a1caf3c47b85e262be82989ccd7933b4a14712b79c82fd45a239249811d9fc3a135b3e9457afa163e74a297033d7245b0dc63cd3d032f3906b053f
  languageName: node
  linkType: hard

"@types/inquirer@npm:8.2.10":
  version: 8.2.10
  resolution: "@types/inquirer@npm:8.2.10"
  dependencies:
    "@types/through": "npm:*"
    rxjs: "npm:^7.2.0"
  checksum: 10c0/c39c3a792b5f95727842277c25ca4b2ce3f3f8e7897e51c571ba919ea35587fce81f2b0d1d75747f6f54a7d79b0efe95430fd1fe7f5b81d07af81b2c2fc1fb5d
  languageName: node
  linkType: hard

"@types/lodash@npm:^4.14.161":
  version: 4.17.24
  resolution: "@types/lodash@npm:4.17.24"
  checksum: 10c0/b72f60d4daacdad1fa643edb3faba204c02a01eb1ac00a83ff73496a6d236fc55e459c06106e8ced42277dba932d087d8fc090f8de4ef590d3f91e6d6f7ce85a
  languageName: node
  linkType: hard

"@types/mime-types@npm:^2.1.0":
  version: 2.1.4
  resolution: "@types/mime-types@npm:2.1.4"
  checksum: 10c0/a10d57881d14a053556b3d09292de467968d965b0a06d06732c748da39b3aa569270b5b9f32529fd0e9ac1e5f3b91abb894f5b1996373254a65cb87903c86622
  languageName: node
  linkType: hard

"@types/minimatch@npm:^5.1.2":
  version: 5.1.2
  resolution: "@types/minimatch@npm:5.1.2"
  checksum: 10c0/83cf1c11748891b714e129de0585af4c55dd4c2cafb1f1d5233d79246e5e1e19d1b5ad9e8db449667b3ffa2b6c80125c429dbee1054e9efb45758dbc4e118562
  languageName: node
  linkType: hard

"@types/mkdirp@npm:2.0.0":
  version: 2.0.0
  resolution: "@types/mkdirp@npm:2.0.0"
  dependencies:
    mkdirp: "npm:*"
  checksum: 10c0/4ffc9905d84ec76b256f706fb4b4eedd0f63f260c0b3d3c7b13172582d046dfd0db661f314e8e15e1fb81d8b7ae5507a38dcf4a4f425c945d113694d6bb5c3a9
  languageName: node
  linkType: hard

"@types/node@npm:*, @types/node@npm:25.6.0":
  version: 25.6.0
  resolution: "@types/node@npm:25.6.0"
  dependencies:
    undici-types: "npm:~7.19.0"
  checksum: 10c0/d2d2015630ff098a201407f55f5077a20270ae4f465c739b40865cd9933b91b9c5d2b85568eadaf3db0801b91e267333ca7eb39f007428b173d1cdab4b339ac5
  languageName: node
  linkType: hard

"@types/through@npm:*":
  version: 0.0.33
  resolution: "@types/through@npm:0.0.33"
  dependencies:
    "@types/node": "npm:*"
  checksum: 10c0/6a8edd7f40cd7e197318e86310a40e568cddd380609dde59b30d5cc6c5f8276ddc698905eac4b3b429eb39f2e8ee326bc20dc6e95a2cdc41c4d3fc9a1ebd4929
  languageName: node
  linkType: hard

"ansi-regex@npm:^5.0.1":
  version: 5.0.1
  resolution: "ansi-regex@npm:5.0.1"
  checksum: 10c0/9a64bb8627b434ba9327b60c027742e5d17ac69277960d041898596271d992d4d52ba7267a63ca10232e29f6107fc8a835f6ce8d719b88c5f8493f8254813737
  languageName: node
  linkType: hard

"ansi-styles@npm:^4.1.0":
  version: 4.3.0
  resolution: "ansi-styles@npm:4.3.0"
  dependencies:
    color-convert: "npm:^2.0.1"
  checksum: 10c0/895a23929da416f2bd3de7e9cb4eabd340949328ab85ddd6e484a637d8f6820d485f53933446f5291c3b760cbc488beb8e88573dd0f9c7daf83dccc8fe81b041
  languageName: node
  linkType: hard

"balanced-match@npm:^1.0.0":
  version: 1.0.2
  resolution: "balanced-match@npm:1.0.2"
  checksum: 10c0/9308baf0a7e4838a82bbfd11e01b1cb0f0cf2893bc1676c27c2a8c0e70cbae1c59120c3268517a8ae7fb6376b4639ef81ca22582611dbee4ed28df945134aaee
  languageName: node
  linkType: hard

"brace-expansion@npm:^1.1.7":
  version: 1.1.14
  resolution: "brace-expansion@npm:1.1.14"
  dependencies:
    balanced-match: "npm:^1.0.0"
    concat-map: "npm:0.0.1"
  checksum: 10c0/b6fdac832bc4e36a753658c9ed052c2e1a2be221763b002df25d1efbf7d21724334e726a6cd5eadc72a4b19ec3efb632d629cc003bc9c62f7af7a7915ffa4385
  languageName: node
  linkType: hard

"chalk@npm:^4.1.0":
  version: 4.1.2
  resolution: "chalk@npm:4.1.2"
  dependencies:
    ansi-styles: "npm:^4.1.0"
    supports-color: "npm:^7.1.0"
  checksum: 10c0/4a3fef5cc34975c898ffe77141450f679721df9dde00f6c304353fa9c8b571929123b26a0e4617bde5018977eb655b31970c297b91b63ee83bb82aeb04666880
  languageName: node
  linkType: hard

"cli-progress@npm:^3.8.2":
  version: 3.12.0
  resolution: "cli-progress@npm:3.12.0"
  dependencies:
    string-width: "npm:^4.2.3"
  checksum: 10c0/f464cb19ebde2f3880620a2adfaeeefaec6cb15c8e610c8a659ca1047ee90d69f3bf2fdabbb1fe33ac408678e882e3e0eecdb84ab5df0edf930b269b8a72682d
  languageName: node
  linkType: hard

"cli-spinner@npm:^0.2.6":
  version: 0.2.10
  resolution: "cli-spinner@npm:0.2.10"
  checksum: 10c0/74fe473bd2e4568088d59fb41e97696dc33d0771572e7b22c9a347fd48a0aebc189e992f35783ba9a67741a88d327039cf80942539d403446e935eb57cca41e3
  languageName: node
  linkType: hard

"color-convert@npm:^2.0.1":
  version: 2.0.1
  resolution: "color-convert@npm:2.0.1"
  dependencies:
    color-name: "npm:~1.1.4"
  checksum: 10c0/37e1150172f2e311fe1b2df62c6293a342ee7380da7b9cfdba67ea539909afbd74da27033208d01d6d5cfc65ee7868a22e18d7e7648e004425441c0f8a15a7d7
  languageName: node
  linkType: hard

"color-name@npm:~1.1.4":
  version: 1.1.4
  resolution: "color-name@npm:1.1.4"
  checksum: 10c0/a1a3f914156960902f46f7f56bc62effc6c94e84b2cae157a526b1c1f74b677a47ec602bf68a61abfa2b42d15b7c5651c6dbe72a43af720bc588dff885b10f95
  languageName: node
  linkType: hard

"concat-map@npm:0.0.1":
  version: 0.0.1
  resolution: "concat-map@npm:0.0.1"
  checksum: 10c0/c996b1cfdf95b6c90fee4dae37e332c8b6eb7d106430c17d538034c0ad9a1630cb194d2ab37293b1bdd4d779494beee7786d586a50bd9376fd6f7bcc2bd4c98f
  languageName: node
  linkType: hard

"emoji-regex@npm:^8.0.0":
  version: 8.0.0
  resolution: "emoji-regex@npm:8.0.0"
  checksum: 10c0/b6053ad39951c4cf338f9092d7bfba448cdfd46fe6a2a034700b149ac9ffbc137e361cbd3c442297f86bed2e5f7576c1b54cc0a6bf8ef5106cc62f496af35010
  languageName: node
  linkType: hard

"fflate@npm:^0.8.2":
  version: 0.8.2
  resolution: "fflate@npm:0.8.2"
  checksum: 10c0/03448d630c0a583abea594835a9fdb2aaf7d67787055a761515bf4ed862913cfd693b4c4ffd5c3f3b355a70cf1e19033e9ae5aedcca103188aaff91b8bd6e293
  languageName: node
  linkType: hard

"fs.realpath@npm:^1.0.0":
  version: 1.0.0
  resolution: "fs.realpath@npm:1.0.0"
  checksum: 10c0/444cf1291d997165dfd4c0d58b69f0e4782bfd9149fd72faa4fe299e68e0e93d6db941660b37dd29153bf7186672ececa3b50b7e7249477b03fdf850f287c948
  languageName: node
  linkType: hard

"glob@npm:^7.1.6":
  version: 7.2.3
  resolution: "glob@npm:7.2.3"
  dependencies:
    fs.realpath: "npm:^1.0.0"
    inflight: "npm:^1.0.4"
    inherits: "npm:2"
    minimatch: "npm:^3.1.1"
    once: "npm:^1.3.0"
    path-is-absolute: "npm:^1.0.0"
  checksum: 10c0/65676153e2b0c9095100fe7f25a778bf45608eeb32c6048cf307f579649bcc30353277b3b898a3792602c65764e5baa4f643714dfbdfd64ea271d210c7a425fe
  languageName: node
  linkType: hard

"has-flag@npm:^4.0.0":
  version: 4.0.0
  resolution: "has-flag@npm:4.0.0"
  checksum: 10c0/2e789c61b7888d66993e14e8331449e525ef42aac53c627cc53d1c3334e768bcb6abdc4f5f0de1478a25beec6f0bd62c7549058b7ac53e924040d4f301f02fd1
  languageName: node
  linkType: hard

"inflight@npm:^1.0.4":
  version: 1.0.6
  resolution: "inflight@npm:1.0.6"
  dependencies:
    once: "npm:^1.3.0"
    wrappy: "npm:1"
  checksum: 10c0/7faca22584600a9dc5b9fca2cd5feb7135ac8c935449837b315676b4c90aa4f391ec4f42240178244b5a34e8bede1948627fda392ca3191522fc46b34e985ab2
  languageName: node
  linkType: hard

"inherits@npm:2":
  version: 2.0.4
  resolution: "inherits@npm:2.0.4"
  checksum: 10c0/4e531f648b29039fb7426fb94075e6545faa1eb9fe83c29f0b6d9e7263aceb4289d2d4557db0d428188eeb449cc7c5e77b0a0b2c4e248ff2a65933a0dee49ef2
  languageName: node
  linkType: hard

"is-fullwidth-code-point@npm:^3.0.0":
  version: 3.0.0
  resolution: "is-fullwidth-code-point@npm:3.0.0"
  checksum: 10c0/bb11d825e049f38e04c06373a8d72782eee0205bda9d908cc550ccb3c59b99d750ff9537982e01733c1c94a58e35400661f57042158ff5e8f3e90cf936daf0fc
  languageName: node
  linkType: hard

"lodash@npm:^4.17.20":
  version: 4.18.1
  resolution: "lodash@npm:4.18.1"
  checksum: 10c0/757228fc68805c59789e82185135cf85f05d0b2d3d54631d680ca79ec21944ec8314d4533639a14b8bcfbd97a517e78960933041a5af17ecb693ec6eecb99a27
  languageName: node
  linkType: hard

"mime-db@npm:1.52.0":
  version: 1.52.0
  resolution: "mime-db@npm:1.52.0"
  checksum: 10c0/0557a01deebf45ac5f5777fe7740b2a5c309c6d62d40ceab4e23da9f821899ce7a900b7ac8157d4548ddbb7beffe9abc621250e6d182b0397ec7f10c7b91a5aa
  languageName: node
  linkType: hard

"mime-types@npm:^2.1.27":
  version: 2.1.35
  resolution: "mime-types@npm:2.1.35"
  dependencies:
    mime-db: "npm:1.52.0"
  checksum: 10c0/82fb07ec56d8ff1fc999a84f2f217aa46cb6ed1033fefaabd5785b9a974ed225c90dc72fff460259e66b95b73648596dbcc50d51ed69cdf464af2d237d3149b2
  languageName: node
  linkType: hard

"minimatch@npm:^3.1.1":
  version: 3.1.5
  resolution: "minimatch@npm:3.1.5"
  dependencies:
    brace-expansion: "npm:^1.1.7"
  checksum: 10c0/2ecbdc0d33f07bddb0315a8b5afbcb761307a8778b48f0b312418ccbced99f104a2d17d8aca7573433c70e8ccd1c56823a441897a45e384ea76ef401a26ace70
  languageName: node
  linkType: hard

"mkdirp@npm:3.0.1":
  version: 3.0.1
  resolution: "mkdirp@npm:3.0.1"
  bin:
    mkdirp: dist/cjs/src/bin.js
  checksum: 10c0/9f2b975e9246351f5e3a40dcfac99fcd0baa31fbfab615fe059fb11e51f10e4803c63de1f384c54d656e4db31d000e4767e9ef076a22e12a641357602e31d57d
  languageName: node
  linkType: hard

"once@npm:^1.3.0":
  version: 1.4.0
  resolution: "once@npm:1.4.0"
  dependencies:
    wrappy: "npm:1"
  checksum: 10c0/5d48aca287dfefabd756621c5dfce5c91a549a93e9fdb7b8246bc4c4790aa2ec17b34a260530474635147aeb631a2dcc8b32c613df0675f96041cbb8244517d0
  languageName: node
  linkType: hard

"path-is-absolute@npm:^1.0.0":
  version: 1.0.1
  resolution: "path-is-absolute@npm:1.0.1"
  checksum: 10c0/127da03c82172a2a50099cddbf02510c1791fc2cc5f7713ddb613a56838db1e8168b121a920079d052e0936c23005562059756d653b7c544c53185efe53be078
  languageName: node
  linkType: hard

"reg-publish-bitrise-plugin@workspace:.":
  version: 0.0.0-use.local
  resolution: "reg-publish-bitrise-plugin@workspace:."
  dependencies:
    "@novr/bitrise-api": "npm:^0.2.0"
    "@types/mkdirp": "npm:2.0.0"
    "@types/node": "npm:25.6.0"
    fflate: "npm:^0.8.2"
    mkdirp: "npm:^3.0.1"
    reg-suit-interface: "npm:^0.14.2"
    reg-suit-util: "npm:^0.14.3"
    typescript: "npm:6.0.3"
  languageName: unknown
  linkType: soft

"reg-suit-interface@npm:^0.14.2":
  version: 0.14.2
  resolution: "reg-suit-interface@npm:0.14.2"
  dependencies:
    "@types/inquirer": "npm:8.2.10"
  checksum: 10c0/d2798a02ac9b03f91fb1f658804da77544179521ee161971ee429cc671aaae4790121289d99baf0d86fe2bb1c0e1c4c3d41beeb7c10887b823a4ff1570292fcc
  languageName: node
  linkType: hard

"reg-suit-util@npm:^0.14.3":
  version: 0.14.3
  resolution: "reg-suit-util@npm:0.14.3"
  dependencies:
    "@types/cli-progress": "npm:^3.8.0"
    "@types/cli-spinner": "npm:^0.2.0"
    "@types/glob": "npm:^8.0.0"
    "@types/lodash": "npm:^4.14.161"
    "@types/mime-types": "npm:^2.1.0"
    "@types/mkdirp": "npm:^1.0.1"
    chalk: "npm:^4.1.0"
    cli-progress: "npm:^3.8.2"
    cli-spinner: "npm:^0.2.6"
    glob: "npm:^7.1.6"
    lodash: "npm:^4.17.20"
    mime-types: "npm:^2.1.27"
    mkdirp: "npm:^1.0.4"
  checksum: 10c0/af73925275afc609d234fdf26c9714ea07f3abfae1b3f7af1b135c3ecb01a3d25402b4446d84a2061daafe429a3c49e28a473b2e1ed7ef22b51a83c3736773db
  languageName: node
  linkType: hard

"rxjs@npm:^7.2.0":
  version: 7.8.2
  resolution: "rxjs@npm:7.8.2"
  dependencies:
    tslib: "npm:^2.1.0"
  checksum: 10c0/1fcd33d2066ada98ba8f21fcbbcaee9f0b271de1d38dc7f4e256bfbc6ffcdde68c8bfb69093de7eeb46f24b1fb820620bf0223706cff26b4ab99a7ff7b2e2c45
  languageName: node
  linkType: hard

"string-width@npm:^4.2.3":
  version: 4.2.3
  resolution: "string-width@npm:4.2.3"
  dependencies:
    emoji-regex: "npm:^8.0.0"
    is-fullwidth-code-point: "npm:^3.0.0"
    strip-ansi: "npm:^6.0.1"
  checksum: 10c0/1e525e92e5eae0afd7454086eed9c818ee84374bb80328fc41217ae72ff5f065ef1c9d7f72da41de40c75fa8bb3dee63d92373fd492c84260a552c636392a47b
  languageName: node
  linkType: hard

"strip-ansi@npm:^6.0.1":
  version: 6.0.1
  resolution: "strip-ansi@npm:6.0.1"
  dependencies:
    ansi-regex: "npm:^5.0.1"
  checksum: 10c0/1ae5f212a126fe5b167707f716942490e3933085a5ff6c008ab97ab2f272c8025d3aa218b7bd6ab25729ca20cc81cddb252102f8751e13482a5199e873680952
  languageName: node
  linkType: hard

"supports-color@npm:^7.1.0":
  version: 7.2.0
  resolution: "supports-color@npm:7.2.0"
  dependencies:
    has-flag: "npm:^4.0.0"
  checksum: 10c0/afb4c88521b8b136b5f5f95160c98dee7243dc79d5432db7efc27efb219385bbc7d9427398e43dd6cc730a0f87d5085ce1652af7efbe391327bc0a7d0f7fc124
  languageName: node
  linkType: hard

"tslib@npm:^2.1.0":
  version: 2.8.1
  resolution: "tslib@npm:2.8.1"
  checksum: 10c0/9c4759110a19c53f992d9aae23aac5ced636e99887b51b9e61def52611732872ff7668757d4e4c61f19691e36f4da981cd9485e869b4a7408d689f6bf1f14e62
  languageName: node
  linkType: hard

"typescript@npm:6.0.3":
  version: 6.0.3
  resolution: "typescript@npm:6.0.3"
  bin:
    tsc: bin/tsc
    tsserver: bin/tsserver
  checksum: 10c0/4a25ff5045b984370f48f196b3a0120779b1b343d40b9a68d114ea5e5fff099809b2bb777576991a63a5cd59cf7bffd96ff6fe10afcefbcb8bd6fb96ad4b6606
  languageName: node
  linkType: hard

"typescript@patch:typescript@npm%3A6.0.3#optional!builtin<compat/typescript>":
  version: 6.0.3
  resolution: "typescript@patch:typescript@npm%3A6.0.3#optional!builtin<compat/typescript>::version=6.0.3&hash=5786d5"
  bin:
    tsc: bin/tsc
    tsserver: bin/tsserver
  checksum: 10c0/2f25c74e65663c248fa1ade2b8459d9ce5372ff9dad07067310f132966ebec1d93f6c42f0baf77a6b6a7a91460463f708e6887013aaade22111037457c6b25df
  languageName: node
  linkType: hard

"undici-types@npm:~7.19.0":
  version: 7.19.2
  resolution: "undici-types@npm:7.19.2"
  checksum: 10c0/7159f10546f9f6c47d36776bb1bbf8671e87c1e587a6fee84ae1f111ae8de4f914efa8ca0dfcd224f4f4a9dfc3f6028f627ccb5ddaccf82d7fd54671b89fac3e
  languageName: node
  linkType: hard

"wrappy@npm:1":
  version: 1.0.2
  resolution: "wrappy@npm:1.0.2"
  checksum: 10c0/56fece1a4018c6a6c8e28fbc88c87e0fbf4ea8fd64fc6c63b18f4acc4bd13e0ad2515189786dd2c30d3eec9663d70f4ecf699330002f8ccb547e4a18231fc9f0
  languageName: node
  linkType: hard
